
Microsoft Visual Studio Solution File, Format Version 12.00
# Visual Studio Version 17
VisualStudioVersion = 17.3.32825.248
MinimumVisualStudioVersion = 10.0.40219.1
Project("{9A19103F-16F7-4668-BE54-9A1E7A4F7556}") = "InteractiveEducationalSoftware.WebHost", "InteractiveEducationalSoftware\InteractiveEducationalSoftware.WebHost.csproj", "{B92FC4B7-4826-429A-B3E5-3AE70A353D56}"
EndProject
Project("{9A19103F-16F7-4668-BE54-9A1E7A4F7556}") = "IES.Repositories", "IES.Repositories\IES.Repositories.csproj", "{73F59F9D-BE44-425E-922D-F9010BC6ED69}"
EndProject
Project("{9A19103F-16F7-4668-BE54-9A1E7A4F7556}") = "IES.Services", "IES.Services\IES.Services.csproj", "{65F0CC7F-4FB3-4F12-85E0-5E31ECCF8C95}"
EndProject
Project("{9A19103F-16F7-4668-BE54-9A1E7A4F7556}") = "IES.Interfaces", "IES.Interfaces\IES.Interfaces.csproj", "{A0EF0F28-76C6-497B-9CAF-54EBE6A0630F}"
EndProject
Project("{9A19103F-16F7-4668-BE54-9A1E7A4F7556}") = "IES.Models", "IES.Models\IES.Models.csproj", "{01C9794C-4197-42B1-9052-E1CAA38F0B2E}"
EndProject
Project("{9A19103F-16F7-4668-BE54-9A1E7A4F7556}") = "IES.Core", "IES.Core\IES.Core.csproj", "{39FDEB3F-1C73-4102-BD30-ACD8F0673DA0}"
EndProject
Global
	GlobalSection(SolutionConfigurationPlatforms) = preSolution
		Debug|Any CPU = Debug|Any CPU
		Release|Any CPU = Release|Any CPU
	EndGlobalSection
	GlobalSection(ProjectConfigurationPlatforms) = postSolution
		{B92FC4B7-4826-429A-B3E5-3AE70A353D56}.Debug|Any CPU.ActiveCfg = Debug|Any CPU
		{B92FC4B7-4826-429A-B3E5-3AE70A353D56}.Debug|Any CPU.Build.0 = Debug|Any CPU
		{B92FC4B7-4826-429A-B3E5-3AE70A353D56}.Release|Any CPU.ActiveCfg = Release|Any CPU
		{B92FC4B7-4826-429A-B3E5-3AE70A353D56}.Release|Any CPU.Build.0 = Release|Any CPU
		{73F59F9D-BE44-425E-922D-F9010BC6ED69}.Debug|Any CPU.ActiveCfg = Debug|Any CPU
		{73F59F9D-BE44-425E-922D-F9010BC6ED69}.Debug|Any CPU.Build.0 = Debug|Any CPU
		{73F59F9D-BE44-425E-922D-F9010BC6ED69}.Release|Any CPU.ActiveCfg = Release|Any CPU
		{73F59F9D-BE44-425E-922D-F9010BC6ED69}.Release|Any CPU.Build.0 = Release|Any CPU
		{65F0CC7F-4FB3-4F12-85E0-5E31ECCF8C95}.Debug|Any CPU.ActiveCfg = Debug|Any CPU
		{65F0CC7F-4FB3-4F12-85E0-5E31ECCF8C95}.Debug|Any CPU.Build.0 = Debug|Any CPU
		{65F0CC7F-4FB3-4F12-85E0-5E31ECCF8C95}.Release|Any CPU.ActiveCfg = Release|Any CPU
		{65F0CC7F-4FB3-4F12-85E0-5E31ECCF8C95}.Release|Any CPU.Build.0 = Release|Any CPU
		{A0EF0F28-76C6-497B-9CAF-54EBE6A0630F}.Debug|Any CPU.ActiveCfg = Debug|Any CPU
		{A0EF0F28-76C6-497B-9CAF-54EBE6A0630F}.Debug|Any CPU.Build.0 = Debug|Any CPU
		{A0EF0F28-76C6-497B-9CAF-54EBE6A0630F}.Release|Any CPU.ActiveCfg = Release|Any CPU
		{A0EF0F28-76C6-497B-9CAF-54EBE6A0630F}.Release|Any CPU.Build.0 = Release|Any CPU
		{01C9794C-4197-42B1-9052-E1CAA38F0B2E}.Debug|Any CPU.ActiveCfg = Debug|Any CPU
		{01C9794C-4197-42B1-9052-E1CAA38F0B2E}.Debug|Any CPU.Build.0 = Debug|Any CPU
		{01C9794C-4197-42B1-9052-E1CAA38F0B2E}.Release|Any CPU.ActiveCfg = Release|Any CPU
		{01C9794C-4197-42B1-9052-E1CAA38F0B2E}.Release|Any CPU.Build.0 = Release|Any CPU
		{39FDEB3F-1C73-4102-BD30-ACD8F0673DA0}.Debug|Any CPU.ActiveCfg = Debug|Any CPU
		{39FDEB3F-1C73-4102-BD30-ACD8F0673DA0}.Debug|Any CPU.Build.0 = Debug|Any CPU
		{39FDEB3F-1C73-4102-BD30-ACD8F0673DA0}.Release|Any CPU.ActiveCfg = Release|Any CPU
		{39FDEB3F-1C73-4102-BD30-ACD8F0673DA0}.Release|Any CPU.Build.0 = Release|Any CPU
	EndGlobalSection
	GlobalSection(SolutionProperties) = preSolution
		HideSolutionNode = FALSE
	EndGlobalSection
	GlobalSection(ExtensibilityGlobals) = postSolution
		SolutionGuid = {203AF05D-E996-453B-9A38-CD43D5EA6FBF}
	EndGlobalSection
EndGlobal
